// !$*UTF8*$!
{
	archiveVersion = 1;
	classes = {
	};
	objectVersion = 50;
	objects = {

/* Begin PBXBuildFile section */
		7B85A1D7265CD0D00049A3F2 /* FakeResponseData.swift in Sources */ = {isa = PBXBuildFile; fileRef = 7B85A1D6265CD0D00049A3F2 /* FakeResponseData.swift */; };
		7B85A1E1265CD1A60049A3F2 /* LmStudio.json in Resources */ = {isa = PBXBuildFile; fileRef = 7B85A1E0265CD1A60049A3F2 /* LmStudio.json */; };
		7B85A1E5265CDA1E0049A3F2 /* URLSessionFake.swift in Sources */ = {isa = PBXBuildFile; fileRef = 7B85A1E4265CDA1E0049A3F2 /* URLSessionFake.swift */; };
		7B85A1E7265CF2B70049A3F2 /* RequestServiceTestCase.swift in Sources */ = {isa = PBXBuildFile; fileRef = 7B85A1E6265CF2B70049A3F2 /* RequestServiceTestCase.swift */; };
		7B8C3A6526575724004B128F /* InterestingPoints.swift in Sources */ = {isa = PBXBuildFile; fileRef = 7B8C3A6426575724004B128F /* InterestingPoints.swift */; };
		7B92EE042656003500B626B4 /* AppDelegate.swift in Sources */ = {isa = PBXBuildFile; fileRef = 7B92EE032656003500B626B4 /* AppDelegate.swift */; };
		7B92EE062656003500B626B4 /* SceneDelegate.swift in Sources */ = {isa = PBXBuildFile; fileRef = 7B92EE052656003500B626B4 /* SceneDelegate.swift */; };
		7B92EE082656003500B626B4 /* ViewController.swift in Sources */ = {isa = PBXBuildFile; fileRef = 7B92EE072656003500B626B4 /* ViewController.swift */; };
		7B92EE0B2656003500B626B4 /* Main.storyboard in Resources */ = {isa = PBXBuildFile; fileRef = 7B92EE092656003500B626B4 /* Main.storyboard */; };
		7B92EE0D2656003500B626B4 /* Assets.xcassets in Resources */ = {isa = PBXBuildFile; fileRef = 7B92EE0C2656003500B626B4 /* Assets.xcassets */; };
		7B92EE102656003500B626B4 /* LaunchScreen.storyboard in Resources */ = {isa = PBXBuildFile; fileRef = 7B92EE0E2656003500B626B4 /* LaunchScreen.storyboard */; };
		7B92EE1C2656049C00B626B4 /* LmStudioJSON.swift in Sources */ = {isa = PBXBuildFile; fileRef = 7B92EE1B2656049C00B626B4 /* LmStudioJSON.swift */; };
		7B92EE1E2656072400B626B4 /* RequestService.swift in Sources */ = {isa = PBXBuildFile; fileRef = 7B92EE1D2656072400B626B4 /* RequestService.swift */; };
		7B92EE202656082700B626B4 /* NetworkError.swift in Sources */ = {isa = PBXBuildFile; fileRef = 7B92EE1F2656082700B626B4 /* NetworkError.swift */; };
/* End PBXBuildFile section */

/* Begin PBXContainerItemProxy section */
		7B85A1D9265CD0D00049A3F2 /* PBXContainerItemProxy */ = {
			isa = PBXContainerItemProxy;
			containerPortal = 7B92EDF82656003500B626B4 /* Project object */;
			proxyType = 1;
			remoteGlobalIDString = 7B92EDFF2656003500B626B4;
			remoteInfo = RunninCity_TechTest;
		};
/* End PBXContainerItemProxy section */

/* Begin PBXFileReference section */
		7B85A1D4265CD0D00049A3F2 /* RunninCity_TechTestTests.xctest */ = {isa = PBXFileReference; explicitFileType = wrapper.cfbundle; includeInIndex = 0; path = RunninCity_TechTestTests.xctest; sourceTree = BUILT_PRODUCTS_DIR; };
		7B85A1D6265CD0D00049A3F2 /* FakeResponseData.swift */ = {isa = PBXFileReference; lastKnownFileType = sourcecode.swift; path = FakeResponseData.swift; sourceTree = "<group>"; };
		7B85A1D8265CD0D00049A3F2 /* Info.plist */ = {isa = PBXFileReference; lastKnownFileType = text.plist.xml; path = Info.plist; sourceTree = "<group>"; };
		7B85A1E0265CD1A60049A3F2 /* LmStudio.json */ = {isa = PBXFileReference; lastKnownFileType = text.json; path = LmStudio.json; sourceTree = "<group>"; };
		7B85A1E4265CDA1E0049A3F2 /* URLSessionFake.swift */ = {isa = PBXFileReference; lastKnownFileType = sourcecode.swift; path = URLSessionFake.swift; sourceTree = "<group>"; };
		7B85A1E6265CF2B70049A3F2 /* RequestServiceTestCase.swift */ = {isa = PBXFileReference; lastKnownFileType = sourcecode.swift; path = RequestServiceTestCase.swift; sourceTree = "<group>"; };
		7B8C3A6426575724004B128F /* InterestingPoints.swift */ = {isa = PBXFileReference; lastKnownFileType = sourcecode.swift; path = InterestingPoints.swift; sourceTree = "<group>"; };
		7B92EE002656003500B626B4 /* RunninCity_TechTest.app */ = {isa = PBXFileReference; explicitFileType = wrapper.application; includeInIndex = 0; path = RunninCity_TechTest.app; sourceTree = BUILT_PRODUCTS_DIR; };
		7B92EE032656003500B626B4 /* AppDelegate.swift */ = {isa = PBXFileReference; lastKnownFileType = sourcecode.swift; path = AppDelegate.swift; sourceTree = "<group>"; };
		7B92EE052656003500B626B4 /* SceneDelegate.swift */ = {isa = PBXFileReference; lastKnownFileType = sourcecode.swift; path = SceneDelegate.swift; sourceTree = "<group>"; };
		7B92EE072656003500B626B4 /* ViewController.swift */ = {isa = PBXFileReference; lastKnownFileType = sourcecode.swift; path = ViewController.swift; sourceTree = "<group>"; };
		7B92EE0A2656003500B626B4 /* Base */ = {isa = PBXFileReference; lastKnownFileType = file.storyboard; name = Base; path = Base.lproj/Main.storyboard; sourceTree = "<group>"; };
		7B92EE0C2656003500B626B4 /* Assets.xcassets */ = {isa = PBXFileReference; lastKnownFileType = folder.assetcatalog; path = Assets.xcassets; sourceTree = "<group>"; };
		7B92EE0F2656003500B626B4 /* Base */ = {isa = PBXFileReference; lastKnownFileType = file.storyboard; name = Base; path = Base.lproj/LaunchScreen.storyboard; sourceTree = "<group>"; };
		7B92EE112656003500B626B4 /* Info.plist */ = {isa = PBXFileReference; lastKnownFileType = text.plist.xml; path = Info.plist; sourceTree = "<group>"; };
		7B92EE1B2656049C00B626B4 /* LmStudioJSON.swift */ = {isa = PBXFileReference; lastKnownFileType = sourcecode.swift; path = LmStudioJSON.swift; sourceTree = "<group>"; };
		7B92EE1D2656072400B626B4 /* RequestService.swift */ = {isa = PBXFileReference; lastKnownFileType = sourcecode.swift; path = RequestService.swift; sourceTree = "<group>"; };
		7B92EE1F2656082700B626B4 /* NetworkError.swift */ = {isa = PBXFileReference; lastKnownFileType = sourcecode.swift; path = NetworkError.swift; sourceTree = "<group>"; };
/* End PBXFileReference section */

/* Begin PBXFrameworksBuildPhase section */
		7B85A1D1265CD0D00049A3F2 /* Frameworks */ = {
			isa = PBXFrameworksBuildPhase;
			buildActionMask = 2147483647;
			files = (
			);
			runOnlyForDeploymentPostprocessing = 0;
		};
		7B92EDFD2656003500B626B4 /* Frameworks */ = {
			isa = PBXFrameworksBuildPhase;
			buildActionMask = 2147483647;
			files = (
			);
			runOnlyForDeploymentPostprocessing = 0;
		};
/* End PBXFrameworksBuildPhase section */

/* Begin PBXGroup section */
		7B85A1D5265CD0D00049A3F2 /* RunninCity_TechTestTests */ = {
			isa = PBXGroup;
			children = (
				7B85A1E2265CD3140049A3F2 /* Fake */,
				7B85A1E3265CD3200049A3F2 /* LmStudioTestCase */,
				7B85A1D8265CD0D00049A3F2 /* Info.plist */,
			);
			path = RunninCity_TechTestTests;
			sourceTree = "<group>";
		};
		7B85A1E2265CD3140049A3F2 /* Fake */ = {
			isa = PBXGroup;
			children = (
				7B85A1D6265CD0D00049A3F2 /* FakeResponseData.swift */,
				7B85A1E4265CDA1E0049A3F2 /* URLSessionFake.swift */,
				7B85A1E6265CF2B70049A3F2 /* RequestServiceTestCase.swift */,
			);
			path = Fake;
			sourceTree = "<group>";
		};
		7B85A1E3265CD3200049A3F2 /* LmStudioTestCase */ = {
			isa = PBXGroup;
			children = (
				7B85A1E0265CD1A60049A3F2 /* LmStudio.json */,
			);
			path = LmStudioTestCase;
			sourceTree = "<group>";
		};
		7B92EDF72656003500B626B4 = {
			isa = PBXGroup;
			children = (
				7B92EE022656003500B626B4 /* RunninCity_TechTest */,
				7B85A1D5265CD0D00049A3F2 /* RunninCity_TechTestTests */,
				7B92EE012656003500B626B4 /* Products */,
			);
			sourceTree = "<group>";
		};
		7B92EE012656003500B626B4 /* Products */ = {
			isa = PBXGroup;
			children = (
				7B92EE002656003500B626B4 /* RunninCity_TechTest.app */,
				7B85A1D4265CD0D00049A3F2 /* RunninCity_TechTestTests.xctest */,
			);
			name = Products;
			sourceTree = "<group>";
		};
		7B92EE022656003500B626B4 /* RunninCity_TechTest */ = {
			isa = PBXGroup;
			children = (
				7B92EE1A265601C500B626B4 /* Supported Files */,
				7B92EE17265601BA00B626B4 /* Model */,
				7B92EE19265601C200B626B4 /* View */,
				7B92EE18265601BF00B626B4 /* Controller */,
			);
			path = RunninCity_TechTest;
			sourceTree = "<group>";
		};
		7B92EE17265601BA00B626B4 /* Model */ = {
			isa = PBXGroup;
			children = (
				7B92EE1F2656082700B626B4 /* NetworkError.swift */,
				7B92EE1B2656049C00B626B4 /* LmStudioJSON.swift */,
				7B8C3A6426575724004B128F /* InterestingPoints.swift */,
				7B92EE1D2656072400B626B4 /* RequestService.swift */,
			);
			path = Model;
			sourceTree = "<group>";
		};
		7B92EE18265601BF00B626B4 /* Controller */ = {
			isa = PBXGroup;
			children = (
				7B92EE072656003500B626B4 /* ViewController.swift */,
			);
			path = Controller;
			sourceTree = "<group>";
		};
		7B92EE19265601C200B626B4 /* View */ = {
			isa = PBXGroup;
			children = (
				7B92EE092656003500B626B4 /* Main.storyboard */,
				7B92EE0C2656003500B626B4 /* Assets.xcassets */,
				7B92EE0E2656003500B626B4 /* LaunchScreen.storyboard */,
			);
			path = View;
			sourceTree = "<group>";
		};
		7B92EE1A265601C500B626B4 /* Supported Files */ = {
			isa = PBXGroup;
			children = (
				7B92EE112656003500B626B4 /* Info.plist */,
				7B92EE032656003500B626B4 /* AppDelegate.swift */,
				7B92EE052656003500B626B4 /* SceneDelegate.swift */,
			);
			path = "Supported Files";
			sourceTree = "<group>";
		};
/* End PBXGroup section */

/* Begin PBXNativeTarget section */
		7B85A1D3265CD0D00049A3F2 /* RunninCity_TechTestTests */ = {
			isa = PBXNativeTarget;
			buildConfigurationList = 7B85A1DD265CD0D00049A3F2 /* Build configuration list for PBXNativeTarget "RunninCity_TechTestTests" */;
			buildPhases = (
				7B85A1D0265CD0D00049A3F2 /* Sources */,
				7B85A1D1265CD0D00049A3F2 /* Frameworks */,
				7B85A1D2265CD0D00049A3F2 /* Resources */,
			);
			buildRules = (
			);
			dependencies = (
				7B85A1DA265CD0D00049A3F2 /* PBXTargetDependency */,
			);
			name = RunninCity_TechTestTests;
			productName = RunninCity_TechTestTests;
			productReference = 7B85A1D4265CD0D00049A3F2 /* RunninCity_TechTestTests.xctest */;
			productType = "com.apple.product-type.bundle.unit-test";
		};
		7B92EDFF2656003500B626B4 /* RunninCity_TechTest */ = {
			isa = PBXNativeTarget;
			buildConfigurationList = 7B92EE142656003500B626B4 /* Build configuration list for PBXNativeTarget "RunninCity_TechTest" */;
			buildPhases = (
				7B92EDFC2656003500B626B4 /* Sources */,
				7B92EDFD2656003500B626B4 /* Frameworks */,
				7B92EDFE2656003500B626B4 /* Resources */,
			);
			buildRules = (
			);
			dependencies = (
			);
			name = RunninCity_TechTest;
			productName = RunninCity_TechTest;
			productReference = 7B92EE002656003500B626B4 /* RunninCity_TechTest.app */;
			productType = "com.apple.product-type.application";
		};
/* End PBXNativeTarget section */

/* Begin PBXProject section */
		7B92EDF82656003500B626B4 /* Project object */ = {
			isa = PBXProject;
			attributes = {
				LastSwiftUpdateCheck = 1250;
				LastUpgradeCheck = 1250;
				TargetAttributes = {
					7B85A1D3265CD0D00049A3F2 = {
						CreatedOnToolsVersion = 12.5;
						TestTargetID = 7B92EDFF2656003500B626B4;
					};
					7B92EDFF2656003500B626B4 = {
						CreatedOnToolsVersion = 12.5;
					};
				};
			};
			buildConfigurationList = 7B92EDFB2656003500B626B4 /* Build configuration list for PBXProject "RunninCity_TechTest" */;
			compatibilityVersion = "Xcode 9.3";
			developmentRegion = en;
			hasScannedForEncodings = 0;
			knownRegions = (
				en,
				Base,
			);
			mainGroup = 7B92EDF72656003500B626B4;
			productRefGroup = 7B92EE012656003500B626B4 /* Products */;
			projectDirPath = "";
			projectRoot = "";
			targets = (
				7B92EDFF2656003500B626B4 /* RunninCity_TechTest */,
				7B85A1D3265CD0D00049A3F2 /* RunninCity_TechTestTests */,
			);
		};
/* End PBXProject section */

/* Begin PBXResourcesBuildPhase section */
		7B85A1D2265CD0D00049A3F2 /* Resources */ = {
			isa = PBXResourcesBuildPhase;
			buildActionMask = 2147483647;
			files = (
				7B85A1E1265CD1A60049A3F2 /* LmStudio.json in Resources */,
			);
			runOnlyForDeploymentPostprocessing = 0;
		};
		7B92EDFE2656003500B626B4 /* Resources */ = {
			isa = PBXResourcesBuildPhase;
			buildActionMask = 2147483647;
			files = (
				7B92EE102656003500B626B4 /* LaunchScreen.storyboard in Resources */,
				7B92EE0D2656003500B626B4 /* Assets.xcassets in Resources */,
				7B92EE0B2656003500B626B4 /* Main.storyboard in Resources */,
			);
			runOnlyForDeploymentPostprocessing = 0;
		};
/* End PBXResourcesBuildPhase section */

/* Begin PBXSourcesBuildPhase section */
		7B85A1D0265CD0D00049A3F2 /* Sources */ = {
			isa = PBXSourcesBuildPhase;
			buildActionMask = 2147483647;
			files = (
				7B85A1D7265CD0D00049A3F2 /* FakeResponseData.swift in Sources */,
				7B85A1E7265CF2B70049A3F2 /* RequestServiceTestCase.swift in Sources */,
				7B85A1E5265CDA1E0049A3F2 /* URLSessionFake.swift in Sources */,
			);
			runOnlyForDeploymentPostprocessing = 0;
		};
		7B92EDFC2656003500B626B4 /* Sources */ = {
			isa = PBXSourcesBuildPhase;
			buildActionMask = 2147483647;
			files = (
				7B92EE082656003500B626B4 /* ViewController.swift in Sources */,
				7B92EE042656003500B626B4 /* AppDelegate.swift in Sources */,
				7B92EE062656003500B626B4 /* SceneDelegate.swift in Sources */,
				7B92EE202656082700B626B4 /* NetworkError.swift in Sources */,
				7B92EE1E2656072400B626B4 /* RequestService.swift in Sources */,
				7B8C3A6526575724004B128F /* InterestingPoints.swift in Sources */,
				7B92EE1C2656049C00B626B4 /* LmStudioJSON.swift in Sources */,
			);
			runOnlyForDeploymentPostprocessing = 0;
		};
/* End PBXSourcesBuildPhase section */

/* Begin PBXTargetDependency section */
		7B85A1DA265CD0D00049A3F2 /* PBXTargetDependency */ = {
			isa = PBXTargetDependency;
			target = 7B92EDFF2656003500B626B4 /* RunninCity_TechTest */;
			targetProxy = 7B85A1D9265CD0D00049A3F2 /* PBXContainerItemProxy */;
		};
/* End PBXTargetDependency section */

/* Begin PBXVariantGroup section */
		7B92EE092656003500B626B4 /* Main.storyboard */ = {
			isa = PBXVariantGroup;
			children = (
				7B92EE0A2656003500B626B4 /* Base */,
			);
			name = Main.storyboard;
			sourceTree = "<group>";
		};
		7B92EE0E2656003500B626B4 /* LaunchScreen.storyboard */ = {
			isa = PBXVariantGroup;
			children = (
				7B92EE0F2656003500B626B4 /* Base */,
			);
			name = LaunchScreen.storyboard;
			sourceTree = "<group>";
		};
/* End PBXVariantGroup section */

/* Begin XCBuildConfiguration section */
		7B85A1DB265CD0D00049A3F2 /* Debug */ = {
			isa = XCBuildConfiguration;
			buildSettings = {
				BUNDLE_LOADER = "$(TEST_HOST)";
				CODE_SIGN_STYLE = Automatic;
				DEVELOPMENT_TEAM = 56PJN96NRT;
				INFOPLIST_FILE = RunninCity_TechTestTests/Info.plist;
				LD_RUNPATH_SEARCH_PATHS = (
					"$(inherited)",
					"@executable_path/Frameworks",
					"@loader_path/Frameworks",
				);
				PRODUCT_BUNDLE_IDENTIFIER = "com.JonathanGaffe.RunninCity-TechTestTests";
				PRODUCT_NAME = "$(TARGET_NAME)";
				SWIFT_VERSION = 5.0;
				TARGETED_DEVICE_FAMILY = "1,2";
				TEST_HOST = "$(BUILT_PRODUCTS_DIR)/RunninCity_TechTest.app/RunninCity_TechTest";
			};
			name = Debug;
		};
		7B85A1DC265CD0D00049A3F2 /* Release */ = {
			isa = XCBuildConfiguration;
			buildSettings = {
				BUNDLE_LOADER = "$(TEST_HOST)";
				CODE_SIGN_STYLE = Automatic;
				DEVELOPMENT_TEAM = 56PJN96NRT;
				INFOPLIST_FILE = RunninCity_TechTestTests/Info.plist;
				LD_RUNPATH_SEARCH_PATHS = (
					"$(inherited)",
					"@executable_path/Frameworks",
					"@loader_path/Frameworks",
				);
				PRODUCT_BUNDLE_IDENTIFIER = "com.JonathanGaffe.RunninCity-TechTestTests";
				PRODUCT_NAME = "$(TARGET_NAME)";
				SWIFT_VERSION = 5.0;
				TARGETED_DEVICE_FAMILY = "1,2";
				TEST_HOST = "$(BUILT_PRODUCTS_DIR)/RunninCity_TechTest.app/RunninCity_TechTest";
			};
			name = Release;
		};
		7B92EE122656003500B626B4 /* Debug */ = {
			isa = XCBuildConfiguration;
			buildSettings = {
				ALWAYS_SEARCH_USER_PATHS = NO;
				CLANG_ANALYZER_NONNULL = YES;
				CLANG_ANALYZER_NUMBER_OBJECT_CONVERSION = YES_AGGRESSIVE;
				CLANG_CXX_LANGUAGE_STANDARD = "gnu++14";
				CLANG_CXX_LIBRARY = "libc++";
				CLANG_ENABLE_MODULES = YES;
				CLANG_ENABLE_OBJC_ARC = YES;
				CLANG_ENABLE_OBJC_WEAK = YES;
				CLANG_WARN_BLOCK_CAPTURE_AUTORELEASING = YES;
				CLANG_WARN_BOOL_CONVERSION = YES;
				CLANG_WARN_COMMA = YES;
				CLANG_WARN_CONSTANT_CONVERSION = YES;
				CLANG_WARN_DEPRECATED_OBJC_IMPLEMENTATIONS = YES;
				CLANG_WARN_DIRECT_OBJC_ISA_USAGE = YES_ERROR;
				CLANG_WARN_DOCUMENTATION_COMMENTS = YES;
				CLANG_WARN_EMPTY_BODY = YES;
				CLANG_WARN_ENUM_CONVERSION = YES;
				CLANG_WARN_INFINITE_RECURSION = YES;
				CLANG_WARN_INT_CONVERSION = YES;
				CLANG_WARN_NON_LITERAL_NULL_CONVERSION = YES;
				CLANG_WARN_OBJC_IMPLICIT_RETAIN_SELF = YES;
				CLANG_WARN_OBJC_LITERAL_CONVERSION = YES;
				CLANG_WARN_OBJC_ROOT_CLASS = YES_ERROR;
				CLANG_WARN_QUOTED_INCLUDE_IN_FRAMEWORK_HEADER = YES;
				CLANG_WARN_RANGE_LOOP_ANALYSIS = YES;
				CLANG_WARN_STRICT_PROTOTYPES = YES;
				CLANG_WARN_SUSPICIOUS_MOVE = YES;
				CLANG_WARN_UNGUARDED_AVAILABILITY = YES_AGGRESSIVE;
				CLANG_WARN_UNREACHABLE_CODE = YES;
				CLANG_WARN__DUPLICATE_METHOD_MATCH = YES;
				COPY_PHASE_STRIP = NO;
				DEBUG_INFORMATION_FORMAT = dwarf;
				ENABLE_STRICT_OBJC_MSGSEND = YES;
				ENABLE_TESTABILITY = YES;
				GCC_C_LANGUAGE_STANDARD = gnu11;
				GCC_DYNAMIC_NO_PIC = NO;
				GCC_NO_COMMON_BLOCKS = YES;
				GCC_OPTIMIZATION_LEVEL = 0;
				GCC_PREPROCESSOR_DEFINITIONS = (
					"DEBUG=1",
					"$(inherited)",
				);
				GCC_WARN_64_TO_32_BIT_CONVERSION = YES;
				GCC_WARN_ABOUT_RETURN_TYPE = YES_ERROR;
				GCC_WARN_UNDECLARED_SELECTOR = YES;
				GCC_WARN_UNINITIALIZED_AUTOS = YES_AGGRESSIVE;
				GCC_WARN_UNUSED_FUNCTION = YES;
				GCC_WARN_UNUSED_VARIABLE = YES;
				IPHONEOS_DEPLOYMENT_TARGET = 12.3;
				MTL_ENABLE_DEBUG_INFO = INCLUDE_SOURCE;
				MTL_FAST_MATH = YES;
				ONLY_ACTIVE_ARCH = YES;
				SDKROOT = iphoneos;
				SWIFT_ACTIVE_COMPILATION_CONDITIONS = DEBUG;
				SWIFT_OPTIMIZATION_LEVEL = "-Onone";
			};
			name = Debug;
		};
		7B92EE132656003500B626B4 /* Release */ = {
			isa = XCBuildConfiguration;
			buildSettings = {
				ALWAYS_SEARCH_USER_PATHS = NO;
				CLANG_ANALYZER_NONNULL = YES;
				CLANG_ANALYZER_NUMBER_OBJECT_CONVERSION = YES_AGGRESSIVE;
				CLANG_CXX_LANGUAGE_STANDARD = "gnu++14";
				CLANG_CXX_LIBRARY = "libc++";
				CLANG_ENABLE_MODULES = YES;
				CLANG_ENABLE_OBJC_ARC = YES;
				CLANG_ENABLE_OBJC_WEAK = YES;
				CLANG_WARN_BLOCK_CAPTURE_AUTORELEASING = YES;
				CLANG_WARN_BOOL_CONVERSION = YES;
				CLANG_WARN_COMMA = YES;
				CLANG_WARN_CONSTANT_CONVERSION = YES;
				CLANG_WARN_DEPRECATED_OBJC_IMPLEMENTATIONS = YES;
				CLANG_WARN_DIRECT_OBJC_ISA_USAGE = YES_ERROR;
				CLANG_WARN_DOCUMENTATION_COMMENTS = YES;
				CLANG_WARN_EMPTY_BODY = YES;
				CLANG_WARN_ENUM_CONVERSION = YES;
				CLANG_WARN_INFINITE_RECURSION = YES;
				CLANG_WARN_INT_CONVERSION = YES;
				CLANG_WARN_NON_LITERAL_NULL_CONVERSION = YES;
				CLANG_WARN_OBJC_IMPLICIT_RETAIN_SELF = YES;
				CLANG_WARN_OBJC_LITERAL_CONVERSION = YES;
				CLANG_WARN_OBJC_ROOT_CLASS = YES_ERROR;
				CLANG_WARN_QUOTED_INCLUDE_IN_FRAMEWORK_HEADER = YES;
				CLANG_WARN_RANGE_LOOP_ANALYSIS = YES;
				CLANG_WARN_STRICT_PROTOTYPES = YES;
				CLANG_WARN_SUSPICIOUS_MOVE = YES;
				CLANG_WARN_UNGUARDED_AVAILABILITY = YES_AGGRESSIVE;
				CLANG_WARN_UNREACHABLE_CODE = YES;
				CLANG_WARN__DUPLICATE_METHOD_MATCH = YES;
				COPY_PHASE_STRIP = NO;
				DEBUG_INFORMATION_FORMAT = "dwarf-with-dsym";
				ENABLE_NS_ASSERTIONS = NO;
				ENABLE_STRICT_OBJC_MSGSEND = YES;
				GCC_C_LANGUAGE_STANDARD = gnu11;
				GCC_NO_COMMON_BLOCKS = YES;
				GCC_WARN_64_TO_32_BIT_CONVERSION = YES;
				GCC_WARN_ABOUT_RETURN_TYPE = YES_ERROR;
				GCC_WARN_UNDECLARED_SELECTOR = YES;
				GCC_WARN_UNINITIALIZED_AUTOS = YES_AGGRESSIVE;
				GCC_WARN_UNUSED_FUNCTION = YES;
				GCC_WARN_UNUSED_VARIABLE = YES;
				IPHONEOS_DEPLOYMENT_TARGET = 12.3;
				MTL_ENABLE_DEBUG_INFO = NO;
				MTL_FAST_MATH = YES;
				SDKROOT = iphoneos;
				SWIFT_COMPILATION_MODE = wholemodule;
				SWIFT_OPTIMIZATION_LEVEL = "-O";
				VALIDATE_PRODUCT = YES;
			};
			name = Release;
		};
		7B92EE152656003500B626B4 /* Debug */ = {
			isa = XCBuildConfiguration;
			buildSettings = {
				ASSETCATALOG_COMPILER_APPICON_NAME = AppIcon;
				ASSETCATALOG_COMPILER_GLOBAL_ACCENT_COLOR_NAME = AccentColor;
				CODE_SIGN_STYLE = Automatic;
				DEVELOPMENT_TEAM = 56PJN96NRT;
				INFOPLIST_FILE = "RunninCity_TechTest/Supported Files/Info.plist";
				IPHONEOS_DEPLOYMENT_TARGET = 12.3;
				LD_RUNPATH_SEARCH_PATHS = (
					"$(inherited)",
					"@executable_path/Frameworks",
				);
				PRODUCT_BUNDLE_IDENTIFIER = "com.JonathanGaffe.RunninCity-TechTest";
				PRODUCT_NAME = "$(TARGET_NAME)";
				SWIFT_VERSION = 5.0;
				TARGETED_DEVICE_FAMILY = "1,2";
			};
			name = Debug;
		};
		7B92EE162656003500B626B4 /* Release */ = {
			isa = XCBuildConfiguration;
			buildSettings = {
				ASSETCATALOG_COMPILER_APPICON_NAME = AppIcon;
				ASSETCATALOG_COMPILER_GLOBAL_ACCENT_COLOR_NAME = AccentColor;
				CODE_SIGN_STYLE = Automatic;
				DEVELOPMENT_TEAM = 56PJN96NRT;
				INFOPLIST_FILE = "RunninCity_TechTest/Supported Files/Info.plist";
				IPHONEOS_DEPLOYMENT_TARGET = 12.3;
				LD_RUNPATH_SEARCH_PATHS = (
					"$(inherited)",
					"@executable_path/Frameworks",
				);
				PRODUCT_BUNDLE_IDENTIFIER = "com.JonathanGaffe.RunninCity-TechTest";
				PRODUCT_NAME = "$(TARGET_NAME)";
				SWIFT_VERSION = 5.0;
				TARGETED_DEVICE_FAMILY = "1,2";
			};
			name = Release;
		};
/* End XCBuildConfiguration section */

/* Begin XCConfigurationList section */
		7B85A1DD265CD0D00049A3F2 /* Build configuration list for PBXNativeTarget "RunninCity_TechTestTests" */ = {
			isa = XCConfigurationList;
			buildConfigurations = (
				7B85A1DB265CD0D00049A3F2 /* Debug */,
				7B85A1DC265CD0D00049A3F2 /* Release */,
			);
			defaultConfigurationIsVisible = 0;
			defaultConfigurationName = Release;
		};
		7B92EDFB2656003500B626B4 /* Build configuration list for PBXProject "RunninCity_TechTest" */ = {
			isa = XCConfigurationList;
			buildConfigurations = (
				7B92EE122656003500B626B4 /* Debug */,
				7B92EE132656003500B626B4 /* Release */,
			);
			defaultConfigurationIsVisible = 0;
			defaultConfigurationName = Release;
		};
		7B92EE142656003500B626B4 /* Build configuration list for PBXNativeTarget "RunninCity_TechTest" */ = {
			isa = XCConfigurationList;
			buildConfigurations = (
				7B92EE152656003500B626B4 /* Debug */,
				7B92EE162656003500B626B4 /* Release */,
			);
			defaultConfigurationIsVisible = 0;
			defaultConfigurationName = Release;
		};
/* End XCConfigurationList section */
	};
	rootObject = 7B92EDF82656003500B626B4 /* Project object */;
}
